{
    "_meta": {
        "hash": {
            "sha256": "05e2b695b3a9b4e54c8548c5d10b500e9eb76ad96a76cd0d52b628e8cac5fa2f"
        },
        "host-environment-markers": {
            "implementation_name": "cpython",
            "implementation_version": "3.7.0",
            "os_name": "posix",
            "platform_machine": "x86_64",
            "platform_python_implementation": "CPython",
            "platform_release": "4.15.0-43-generic",
            "platform_system": "Linux",
            "platform_version": "#46-Ubuntu SMP Thu Dec 6 14:45:28 UTC 2018",
            "python_full_version": "3.7.0",
            "python_version": "3.7",
            "sys_platform": "linux"
        },
        "pipfile-spec": 6,
        "requires": {
            "python_version": "3.7"
        },
        "sources": [
            {
                "name": "pypi",
                "url": "https://pypi.python.org/simple",
                "verify_ssl": true
            }
        ]
    },
    "default": {
        "boto3": {
            "hashes": [
                "sha256:f3b77dff382374773d02411fa47ee408f4f503aeebd837fd9dc9ed8635bc5e8e",
                "sha256:06414c75d1f62af7d04fd652b38d1e4fd3cfd6b35bad978466af88e2aaecd00d"
            ],
            "version": "==1.9.111"
        },
        "botocore": {
            "hashes": [
                "sha256:9f5123c7be704b17aeacae99b5842ab17bda1f799dd29134de8c70e0a50a45d7",
                "sha256:6af473c52d5e3e7ff82de5334e9fee96b2d5ec2df5d78bc00cd9937e2573a7a8"
            ],
            "version": "==1.12.111"
        },
        "docutils": {
            "hashes": [
                "sha256:7a4bd47eaf6596e1295ecb11361139febe29b084a87bf005bf899f9a42edc3c6",
                "sha256:02aec4bd92ab067f6ff27a38a38a41173bf01bed8f89157768c1573f53e474a6",
                "sha256:51e64ef2ebfb29cae1faa133b3710143496eca21c530f3f71424d77687764274"
            ],
            "version": "==0.14"
        },
        "e1839a8": {
            "editable": true,
            "path": "."
        },
        "futures": {
            "hashes": [
                "sha256:c4884a65654a7c45435063e14ae85280eb1f111d94e542396717ba9828c4337f",
                "sha256:51ecb45f0add83c806c68e4b06106f90db260585b25ef2abfcda0bd95c0132fd"
            ],
            "markers": "python_version == '2.6' or python_version == '2.7'",
            "version": "==3.1.1"
        },
        "jmespath": {
            "hashes": [
                "sha256:3720a4b1bd659dd2eecad0666459b9788813e032b83e7ba58578e48254e0a0e6",
                "sha256:bde2aef6f44302dfb30320115b17d030798de8c4110e28d5cf6cf91a7a31074c"
            ],
            "version": "==0.9.4"
        },
        "python-dateutil": {
            "hashes": [
                "sha256:7e6584c74aeed623791615e26efd690f29817a27c73085b78e4bad02493df2fb",
                "sha256:c89805f6f4d64db21ed966fda138f8a5ed7a4fdbc1a8ee329ce1b74e3c74da9e"
            ],
            "markers": "python_version >= '2.7'",
            "version": "==2.8.0"
        },
        "s3transfer": {
            "hashes": [
                "sha256:7b9ad3213bff7d357f888e0fab5101b56fa1a0548ee77d121c3a3dbfbef4cb2e",
                "sha256:f23d5cb7d862b104401d9021fc82e5fa0e0cf57b7660a1331425aab0c691d021"
            ],
            "version": "==0.2.0"
        },
        "six": {
            "hashes": [
                "sha256:3350809f0555b11f552448330d0b52d5f24c91a322ea4a15ef22629740f3761c",
                "sha256:d16a0141ec1a18405cd4ce8b4613101da75da0e9a7aec5bdd4fa804d0e0eba73"
            ],
            "version": "==1.12.0"
        },
        "urllib3": {
            "hashes": [
                "sha256:61bf29cada3fc2fbefad4fdf059ea4bd1b4a86d2b6d15e1c7c0b582b9752fe39",
                "sha256:de9529817c93f27c8ccbfead6985011db27bd0ddfcdb2d86f3f663385c6a9c22"
            ],
            "markers": "python_version == '2.7'",
            "version": "==1.24.1"
        }
    },
    "develop": {}
}
